
Microsoft Visual Studio Solution File, Format Version 12.00
# Visual Studio Version 16
VisualStudioVersion = 25.0.1703.0
MinimumVisualStudioVersion = 10.0.40219.1
Project("{FAE04EC0-301F-11D3-BF4B-00C04F79EFBC}") = "Cappuccino.App.iOS", "Cappuccino.App.iOS.csproj", "{BC98642D-2245-4116-9A31-DA687E58649C}"
EndProject
Global
	GlobalSection(SolutionConfigurationPlatforms) = preSolution
		Debug|iPhoneSimulator = Debug|iPhoneSimulator
		Debug|iPhone = Debug|iPhone
		Release|iPhone = Release|iPhone
	EndGlobalSection
	GlobalSection(ProjectConfigurationPlatforms) = postSolution
		{BC98642D-2245-4116-9A31-DA687E58649C}.Debug|iPhoneSimulator.ActiveCfg = Debug|iPhoneSimulator
		{BC98642D-2245-4116-9A31-DA687E58649C}.Debug|iPhoneSimulator.Build.0 = Debug|iPhoneSimulator
		{BC98642D-2245-4116-9A31-DA687E58649C}.Debug|iPhone.ActiveCfg = Debug|iPhone
		{BC98642D-2245-4116-9A31-DA687E58649C}.Debug|iPhone.Build.0 = Debug|iPhone
		{BC98642D-2245-4116-9A31-DA687E58649C}.Release|iPhone.ActiveCfg = Release|iPhone
		{BC98642D-2245-4116-9A31-DA687E58649C}.Release|iPhone.Build.0 = Release|iPhone
	EndGlobalSection
	GlobalSection(SolutionProperties) = preSolution
		HideSolutionNode = FALSE
	EndGlobalSection
	GlobalSection(ExtensibilityGlobals) = postSolution
		SolutionGuid = {912C94FE-0596-4070-8D3F-EBF5B4B41C50}
	EndGlobalSection
EndGlobal
